<Solution>
  <Folder Name="/src/">
    <File Path="src/.gitkeep" />
  </Folder>
  <Folder Name="/src/Adapters/">
    <File Path="src/Adapters/.gitkeep" />
  </Folder>
  <Folder Name="/src/Adapters/Driven/">
    <File Path="src/Adapters/Driven/.gitkeep" />
    <Project Path="src/Adapters/Driven/PromptBox.WebApp/PromptBox.WebApp.csproj" Id="ca2b0e60-67da-45f9-ab3c-6c33534f757b" />
  </Folder>
  <Folder Name="/src/Adapters/Driving/">
    <File Path="src/Adapters/Driving/.gitkeep" />
    <Project Path="src/Adapters/Driving/PromptBox.Persistence/PromptBox.Persistence.csproj" Id="8e8bce85-a152-4df6-8a58-a0cc732acf5c" />
  </Folder>
  <Folder Name="/src/Core/">
    <File Path="src/Core/.gitkeep" />
    <Project Path="src/Core/PromptBox.Application/PromptBox.Application.csproj" Id="b7e43e8d-1750-4048-a038-efbccc27c3e0" />
    <Project Path="src/Core/PromptBox.Domain/PromptBox.Domain.csproj" Id="9b330baa-dfba-45fb-85a9-36a5a4c5eb79" />
  </Folder>
  <Folder Name="/test/">
    <File Path="test/.gitkeep" />
    <Project Path="test/PromptBox.UnitTest/PromptBox.UnitTest.csproj" Id="6fd20c25-fc9b-4158-a16c-33fef41daa6a" />
  </Folder>
</Solution>
